
Microsoft Visual Studio Solution File, Format Version 12.00
# Visual Studio Version 17
VisualStudioVersion = 17.14.36511.14
MinimumVisualStudioVersion = 10.0.40219.1
Project("{2150E333-8FDC-42A3-9474-1A3956D46DE8}") = "Task0", "Task0", "{36D591C7-65C7-A0D1-1CBC-10CDE441BDC8}"
EndProject
Project("{FAE04EC0-301F-11D3-BF4B-00C04F79EFBC}") = "Tyuiu.VikolAS.Sprint5.Task0.V19", "Tyuiu.VikolAS.Sprint5.Task0.V19\Tyuiu.VikolAS.Sprint5.Task0.V19.csproj", "{5B025A61-4280-4A55-B8BC-6210B22098D3}"
EndProject
Project("{FAE04EC0-301F-11D3-BF4B-00C04F79EFBC}") = "Tyuiu.VikolAS.Sprint5.Task0.V19.Test", "Tyuiu.VikolAS.Sprint5.Task0.V19.Test\Tyuiu.VikolAS.Sprint5.Task0.V19.Test.csproj", "{20F13E52-0734-4142-A375-39619BCA9C71}"
EndProject
Project("{FAE04EC0-301F-11D3-BF4B-00C04F79EFBC}") = "Tyuiu.VikolAS.Sprint5.Task0.V19.Lib", "Tyuiu.VikolAS.Sprint5.Task0.V19.Lib\Tyuiu.VikolAS.Sprint5.Task0.V19.Lib.csproj", "{8E08B196-1625-44E1-84A1-0F3D679E2E89}"
EndProject
Project("{2150E333-8FDC-42A3-9474-1A3956D46DE8}") = "Task1", "Task1", "{AF3651F1-C53E-4CC9-971A-C95AA7C0866B}"
EndProject
Project("{FAE04EC0-301F-11D3-BF4B-00C04F79EFBC}") = "Tyuiu.VikolAS.Sprint5.Task1.V19", "Tyuiu.VikolAS.Sprint5.Task1.V19\Tyuiu.VikolAS.Sprint5.Task1.V19.csproj", "{992E76C2-90D2-494C-82F1-201BF9B5CC4B}"
EndProject
Project("{FAE04EC0-301F-11D3-BF4B-00C04F79EFBC}") = "Tyuiu.VikolAS.Sprint5.Task1.V19.Lib", "Tyuiu.VikolAS.Sprint5.Task1.V19.Lib\Tyuiu.VikolAS.Sprint5.Task1.V19.Lib.csproj", "{908EAB93-543B-4629-8DC9-1A7AC15B42C1}"
EndProject
Project("{FAE04EC0-301F-11D3-BF4B-00C04F79EFBC}") = "Tyuiu.VikolAS.Sprint5.Task1.V19.Test", "Tyuiu.VikolAS.Sprint5.Task1.V19.Test\Tyuiu.VikolAS.Sprint5.Task1.V19.Test.csproj", "{A48731C9-DD82-4B47-8561-6C9131108291}"
EndProject
Project("{2150E333-8FDC-42A3-9474-1A3956D46DE8}") = "Task2", "Task2", "{50817B35-B81C-4339-9F07-7AF799A67529}"
EndProject
Project("{FAE04EC0-301F-11D3-BF4B-00C04F79EFBC}") = "Tyuiu.VikolAS.Sprint5.Task2.V19", "Tyuiu.VikolAS.Sprint5.Task2.V19\Tyuiu.VikolAS.Sprint5.Task2.V19.csproj", "{AA8A142B-ACDA-4140-A62D-D5EE57CBC9EF}"
EndProject
Project("{FAE04EC0-301F-11D3-BF4B-00C04F79EFBC}") = "Tyuiu.VikolAS.Sprint5.Task2.V19.Test", "Tyuiu.VikolAS.Sprint5.Task2.V19.Test\Tyuiu.VikolAS.Sprint5.Task2.V19.Test.csproj", "{72CB6EB9-B08F-4793-AF4C-D41A23D63276}"
EndProject
Project("{FAE04EC0-301F-11D3-BF4B-00C04F79EFBC}") = "Tyuiu.VikolAS.Sprint5.Task2.V19.Lib", "Tyuiu.VikolAS.Sprint5.Task2.V19.Lib\Tyuiu.VikolAS.Sprint5.Task2.V19.Lib.csproj", "{E0C7CBCE-BBF0-4519-AD96-1CA89F6870B3}"
EndProject
Project("{2150E333-8FDC-42A3-9474-1A3956D46DE8}") = "Task3", "Task3", "{772A6AD0-AB7B-46BE-8072-C6D7356316BE}"
EndProject
Project("{FAE04EC0-301F-11D3-BF4B-00C04F79EFBC}") = "Tyuiu.VikolAS.Sprint5.Task3.V8", "Tyuiu.VikolAS.Sprint5.Task3.V8\Tyuiu.VikolAS.Sprint5.Task3.V8.csproj", "{CCB5D8E6-D824-4009-8600-58084E63A536}"
EndProject
Project("{FAE04EC0-301F-11D3-BF4B-00C04F79EFBC}") = "Tyuiu.VikolAS.Sprint5.Task3.V8.Lib", "Tyuiu.VikolAS.Sprint5.Task3.V8.Lib\Tyuiu.VikolAS.Sprint5.Task3.V8.Lib.csproj", "{9F196759-E255-497F-8645-263ABA045518}"
EndProject
Project("{FAE04EC0-301F-11D3-BF4B-00C04F79EFBC}") = "Tyuiu.VikolAS.Sprint5.Task3.V8.Test", "Tyuiu.VikolAS.Sprint5.Task3.V8.Test\Tyuiu.VikolAS.Sprint5.Task3.V8.Test.csproj", "{808A45B6-CCDE-4372-B053-2F26380A174C}"
EndProject
Project("{2150E333-8FDC-42A3-9474-1A3956D46DE8}") = "Task4", "Task4", "{14C8F425-F455-4A91-89CB-2194175B52F8}"
EndProject
Project("{FAE04EC0-301F-11D3-BF4B-00C04F79EFBC}") = "Tyuiu.VikolAS.Sprint5.Task4.V21", "Tyuiu.VikolAS.Sprint5.Task4.V21\Tyuiu.VikolAS.Sprint5.Task4.V21.csproj", "{57680674-E1EC-464A-8AC5-D7E25A063F97}"
EndProject
Project("{FAE04EC0-301F-11D3-BF4B-00C04F79EFBC}") = "Tyuiu.VikolAS.Sprint5.Task4.V21.Test", "Tyuiu.VikolAS.Sprint5.Task4.V21.Test\Tyuiu.VikolAS.Sprint5.Task4.V21.Test.csproj", "{941C0E81-AF2D-4951-9AC8-F76D0F9C8752}"
EndProject
Project("{FAE04EC0-301F-11D3-BF4B-00C04F79EFBC}") = "Tyuiu.VikolAS.Sprint5.Task4.V21.Lib", "Tyuiu.VikolAS.Sprint5.Task4.V21.Lib\Tyuiu.VikolAS.Sprint5.Task4.V21.Lib.csproj", "{4A51ABB6-5620-4CA4-AC0E-2E6AE2811B67}"
EndProject
Project("{2150E333-8FDC-42A3-9474-1A3956D46DE8}") = "Task5", "Task5", "{01DE6A88-B5D3-4C44-9C33-112A5E458D98}"
EndProject
Project("{FAE04EC0-301F-11D3-BF4B-00C04F79EFBC}") = "Tyuiu.VikolAS.Sprint5.Task5.V1", "Tyuiu.VikolAS.Sprint5.Task5.V1\Tyuiu.VikolAS.Sprint5.Task5.V1.csproj", "{0406AAA1-F429-4A89-B44C-E03CF40A2385}"
EndProject
Project("{FAE04EC0-301F-11D3-BF4B-00C04F79EFBC}") = "Tyuiu.VikolAS.Sprint5.Task5.V1.Lib", "Tyuiu.VikolAS.Sprint5.Task5.V1.Lib\Tyuiu.VikolAS.Sprint5.Task5.V1.Lib.csproj", "{6D0B2961-6606-4F2D-800A-290FA92E2672}"
EndProject
Project("{FAE04EC0-301F-11D3-BF4B-00C04F79EFBC}") = "Tyuiu.VikolAS.Sprint5.Task5.V1.Test", "Tyuiu.VikolAS.Sprint5.Task5.V1.Test\Tyuiu.VikolAS.Sprint5.Task5.V1.Test.csproj", "{796326A1-356A-40A8-A67A-47A2BBED1E50}"
EndProject
Global
	GlobalSection(SolutionConfigurationPlatforms) = preSolution
		Debug|Any CPU = Debug|Any CPU
		Release|Any CPU = Release|Any CPU
	EndGlobalSection
	GlobalSection(ProjectConfigurationPlatforms) = postSolution
		{5B025A61-4280-4A55-B8BC-6210B22098D3}.Debug|Any CPU.ActiveCfg = Debug|Any CPU
		{5B025A61-4280-4A55-B8BC-6210B22098D3}.Debug|Any CPU.Build.0 = Debug|Any CPU
		{5B025A61-4280-4A55-B8BC-6210B22098D3}.Release|Any CPU.ActiveCfg = Release|Any CPU
		{5B025A61-4280-4A55-B8BC-6210B22098D3}.Release|Any CPU.Build.0 = Release|Any CPU
		{20F13E52-0734-4142-A375-39619BCA9C71}.Debug|Any CPU.ActiveCfg = Debug|Any CPU
		{20F13E52-0734-4142-A375-39619BCA9C71}.Debug|Any CPU.Build.0 = Debug|Any CPU
		{20F13E52-0734-4142-A375-39619BCA9C71}.Release|Any CPU.ActiveCfg = Release|Any CPU
		{20F13E52-0734-4142-A375-39619BCA9C71}.Release|Any CPU.Build.0 = Release|Any CPU
		{8E08B196-1625-44E1-84A1-0F3D679E2E89}.Debug|Any CPU.ActiveCfg = Debug|Any CPU
		{8E08B196-1625-44E1-84A1-0F3D679E2E89}.Debug|Any CPU.Build.0 = Debug|Any CPU
		{8E08B196-1625-44E1-84A1-0F3D679E2E89}.Release|Any CPU.ActiveCfg = Release|Any CPU
		{8E08B196-1625-44E1-84A1-0F3D679E2E89}.Release|Any CPU.Build.0 = Release|Any CPU
		{992E76C2-90D2-494C-82F1-201BF9B5CC4B}.Debug|Any CPU.ActiveCfg = Debug|Any CPU
		{992E76C2-90D2-494C-82F1-201BF9B5CC4B}.Debug|Any CPU.Build.0 = Debug|Any CPU
		{992E76C2-90D2-494C-82F1-201BF9B5CC4B}.Release|Any CPU.ActiveCfg = Release|Any CPU
		{992E76C2-90D2-494C-82F1-201BF9B5CC4B}.Release|Any CPU.Build.0 = Release|Any CPU
		{908EAB93-543B-4629-8DC9-1A7AC15B42C1}.Debug|Any CPU.ActiveCfg = Debug|Any CPU
		{908EAB93-543B-4629-8DC9-1A7AC15B42C1}.Debug|Any CPU.Build.0 = Debug|Any CPU
		{908EAB93-543B-4629-8DC9-1A7AC15B42C1}.Release|Any CPU.ActiveCfg = Release|Any CPU
		{908EAB93-543B-4629-8DC9-1A7AC15B42C1}.Release|Any CPU.Build.0 = Release|Any CPU
		{A48731C9-DD82-4B47-8561-6C9131108291}.Debug|Any CPU.ActiveCfg = Debug|Any CPU
		{A48731C9-DD82-4B47-8561-6C9131108291}.Debug|Any CPU.Build.0 = Debug|Any CPU
		{A48731C9-DD82-4B47-8561-6C9131108291}.Release|Any CPU.ActiveCfg = Release|Any CPU
		{A48731C9-DD82-4B47-8561-6C9131108291}.Release|Any CPU.Build.0 = Release|Any CPU
		{AA8A142B-ACDA-4140-A62D-D5EE57CBC9EF}.Debug|Any CPU.ActiveCfg = Debug|Any CPU
		{AA8A142B-ACDA-4140-A62D-D5EE57CBC9EF}.Debug|Any CPU.Build.0 = Debug|Any CPU
		{AA8A142B-ACDA-4140-A62D-D5EE57CBC9EF}.Release|Any CPU.ActiveCfg = Release|Any CPU
		{AA8A142B-ACDA-4140-A62D-D5EE57CBC9EF}.Release|Any CPU.Build.0 = Release|Any CPU
		{72CB6EB9-B08F-4793-AF4C-D41A23D63276}.Debug|Any CPU.ActiveCfg = Debug|Any CPU
		{72CB6EB9-B08F-4793-AF4C-D41A23D63276}.Debug|Any CPU.Build.0 = Debug|Any CPU
		{72CB6EB9-B08F-4793-AF4C-D41A23D63276}.Release|Any CPU.ActiveCfg = Release|Any CPU
		{72CB6EB9-B08F-4793-AF4C-D41A23D63276}.Release|Any CPU.Build.0 = Release|Any CPU
		{E0C7CBCE-BBF0-4519-AD96-1CA89F6870B3}.Debug|Any CPU.ActiveCfg = Debug|Any CPU
		{E0C7CBCE-BBF0-4519-AD96-1CA89F6870B3}.Debug|Any CPU.Build.0 = Debug|Any CPU
		{E0C7CBCE-BBF0-4519-AD96-1CA89F6870B3}.Release|Any CPU.ActiveCfg = Release|Any CPU
		{E0C7CBCE-BBF0-4519-AD96-1CA89F6870B3}.Release|Any CPU.Build.0 = Release|Any CPU
		{CCB5D8E6-D824-4009-8600-58084E63A536}.Debug|Any CPU.ActiveCfg = Debug|Any CPU
		{CCB5D8E6-D824-4009-8600-58084E63A536}.Debug|Any CPU.Build.0 = Debug|Any CPU
		{CCB5D8E6-D824-4009-8600-58084E63A536}.Release|Any CPU.ActiveCfg = Release|Any CPU
		{CCB5D8E6-D824-4009-8600-58084E63A536}.Release|Any CPU.Build.0 = Release|Any CPU
		{9F196759-E255-497F-8645-263ABA045518}.Debug|Any CPU.ActiveCfg = Debug|Any CPU
		{9F196759-E255-497F-8645-263ABA045518}.Debug|Any CPU.Build.0 = Debug|Any CPU
		{9F196759-E255-497F-8645-263ABA045518}.Release|Any CPU.ActiveCfg = Release|Any CPU
		{9F196759-E255-497F-8645-263ABA045518}.Release|Any CPU.Build.0 = Release|Any CPU
		{808A45B6-CCDE-4372-B053-2F26380A174C}.Debug|Any CPU.ActiveCfg = Debug|Any CPU
		{808A45B6-CCDE-4372-B053-2F26380A174C}.Debug|Any CPU.Build.0 = Debug|Any CPU
		{808A45B6-CCDE-4372-B053-2F26380A174C}.Release|Any CPU.ActiveCfg = Release|Any CPU
		{808A45B6-CCDE-4372-B053-2F26380A174C}.Release|Any CPU.Build.0 = Release|Any CPU
		{57680674-E1EC-464A-8AC5-D7E25A063F97}.Debug|Any CPU.ActiveCfg = Debug|Any CPU
		{57680674-E1EC-464A-8AC5-D7E25A063F97}.Debug|Any CPU.Build.0 = Debug|Any CPU
		{57680674-E1EC-464A-8AC5-D7E25A063F97}.Release|Any CPU.ActiveCfg = Release|Any CPU
		{57680674-E1EC-464A-8AC5-D7E25A063F97}.Release|Any CPU.Build.0 = Release|Any CPU
		{941C0E81-AF2D-4951-9AC8-F76D0F9C8752}.Debug|Any CPU.ActiveCfg = Debug|Any CPU
		{941C0E81-AF2D-4951-9AC8-F76D0F9C8752}.Debug|Any CPU.Build.0 = Debug|Any CPU
		{941C0E81-AF2D-4951-9AC8-F76D0F9C8752}.Release|Any CPU.ActiveCfg = Release|Any CPU
		{941C0E81-AF2D-4951-9AC8-F76D0F9C8752}.Release|Any CPU.Build.0 = Release|Any CPU
		{4A51ABB6-5620-4CA4-AC0E-2E6AE2811B67}.Debug|Any CPU.ActiveCfg = Debug|Any CPU
		{4A51ABB6-5620-4CA4-AC0E-2E6AE2811B67}.Debug|Any CPU.Build.0 = Debug|Any CPU
		{4A51ABB6-5620-4CA4-AC0E-2E6AE2811B67}.Release|Any CPU.ActiveCfg = Release|Any CPU
		{4A51ABB6-5620-4CA4-AC0E-2E6AE2811B67}.Release|Any CPU.Build.0 = Release|Any CPU
		{0406AAA1-F429-4A89-B44C-E03CF40A2385}.Debug|Any CPU.ActiveCfg = Debug|Any CPU
		{0406AAA1-F429-4A89-B44C-E03CF40A2385}.Debug|Any CPU.Build.0 = Debug|Any CPU
		{0406AAA1-F429-4A89-B44C-E03CF40A2385}.Release|Any CPU.ActiveCfg = Release|Any CPU
		{0406AAA1-F429-4A89-B44C-E03CF40A2385}.Release|Any CPU.Build.0 = Release|Any CPU
		{6D0B2961-6606-4F2D-800A-290FA92E2672}.Debug|Any CPU.ActiveCfg = Debug|Any CPU
		{6D0B2961-6606-4F2D-800A-290FA92E2672}.Debug|Any CPU.Build.0 = Debug|Any CPU
		{6D0B2961-6606-4F2D-800A-290FA92E2672}.Release|Any CPU.ActiveCfg = Release|Any CPU
		{6D0B2961-6606-4F2D-800A-290FA92E2672}.Release|Any CPU.Build.0 = Release|Any CPU
		{796326A1-356A-40A8-A67A-47A2BBED1E50}.Debug|Any CPU.ActiveCfg = Debug|Any CPU
		{796326A1-356A-40A8-A67A-47A2BBED1E50}.Debug|Any CPU.Build.0 = Debug|Any CPU
		{796326A1-356A-40A8-A67A-47A2BBED1E50}.Release|Any CPU.ActiveCfg = Release|Any CPU
		{796326A1-356A-40A8-A67A-47A2BBED1E50}.Release|Any CPU.Build.0 = Release|Any CPU
	EndGlobalSection
	GlobalSection(SolutionProperties) = preSolution
		HideSolutionNode = FALSE
	EndGlobalSection
	GlobalSection(NestedProjects) = preSolution
		{5B025A61-4280-4A55-B8BC-6210B22098D3} = {36D591C7-65C7-A0D1-1CBC-10CDE441BDC8}
		{20F13E52-0734-4142-A375-39619BCA9C71} = {36D591C7-65C7-A0D1-1CBC-10CDE441BDC8}
		{8E08B196-1625-44E1-84A1-0F3D679E2E89} = {36D591C7-65C7-A0D1-1CBC-10CDE441BDC8}
		{992E76C2-90D2-494C-82F1-201BF9B5CC4B} = {AF3651F1-C53E-4CC9-971A-C95AA7C0866B}
		{908EAB93-543B-4629-8DC9-1A7AC15B42C1} = {AF3651F1-C53E-4CC9-971A-C95AA7C0866B}
		{A48731C9-DD82-4B47-8561-6C9131108291} = {AF3651F1-C53E-4CC9-971A-C95AA7C0866B}
		{AA8A142B-ACDA-4140-A62D-D5EE57CBC9EF} = {50817B35-B81C-4339-9F07-7AF799A67529}
		{72CB6EB9-B08F-4793-AF4C-D41A23D63276} = {50817B35-B81C-4339-9F07-7AF799A67529}
		{E0C7CBCE-BBF0-4519-AD96-1CA89F6870B3} = {50817B35-B81C-4339-9F07-7AF799A67529}
		{CCB5D8E6-D824-4009-8600-58084E63A536} = {772A6AD0-AB7B-46BE-8072-C6D7356316BE}
		{9F196759-E255-497F-8645-263ABA045518} = {772A6AD0-AB7B-46BE-8072-C6D7356316BE}
		{808A45B6-CCDE-4372-B053-2F26380A174C} = {772A6AD0-AB7B-46BE-8072-C6D7356316BE}
		{57680674-E1EC-464A-8AC5-D7E25A063F97} = {14C8F425-F455-4A91-89CB-2194175B52F8}
		{941C0E81-AF2D-4951-9AC8-F76D0F9C8752} = {14C8F425-F455-4A91-89CB-2194175B52F8}
		{4A51ABB6-5620-4CA4-AC0E-2E6AE2811B67} = {14C8F425-F455-4A91-89CB-2194175B52F8}
		{0406AAA1-F429-4A89-B44C-E03CF40A2385} = {01DE6A88-B5D3-4C44-9C33-112A5E458D98}
		{6D0B2961-6606-4F2D-800A-290FA92E2672} = {01DE6A88-B5D3-4C44-9C33-112A5E458D98}
		{796326A1-356A-40A8-A67A-47A2BBED1E50} = {01DE6A88-B5D3-4C44-9C33-112A5E458D98}
	EndGlobalSection
	GlobalSection(ExtensibilityGlobals) = postSolution
		SolutionGuid = {AA1B3BDF-BC7E-493B-9899-031BA0F65675}
	EndGlobalSection
EndGlobal
